// !$*UTF8*$!
{
	archiveVersion = 1;
	classes = {
	};
	objectVersion = 46;
	objects = {

/* Begin PBXBuildFile section */
		89401BC41E4665060053AD02 /* AppDelegate.swift in Sources */ = {isa = PBXBuildFile; fileRef = 89401BC31E4665060053AD02 /* AppDelegate.swift */; };
		89401BC61E4665060053AD02 /* RootViewController.swift in Sources */ = {isa = PBXBuildFile; fileRef = 89401BC51E4665060053AD02 /* RootViewController.swift */; };
		89401BC81E4665060053AD02 /* DataViewController.swift in Sources */ = {isa = PBXBuildFile; fileRef = 89401BC71E4665060053AD02 /* DataViewController.swift */; };
		89401BCA1E4665060053AD02 /* ModelController.swift in Sources */ = {isa = PBXBuildFile; fileRef = 89401BC91E4665060053AD02 /* ModelController.swift */; };
		89401BCD1E4665060053AD02 /* Main.storyboard in Resources */ = {isa = PBXBuildFile; fileRef = 89401BCB1E4665060053AD02 /* Main.storyboard */; };
		89401BCF1E4665060053AD02 /* Assets.xcassets in Resources */ = {isa = PBXBuildFile; fileRef = 89401BCE1E4665060053AD02 /* Assets.xcassets */; };
		89401BD21E4665060053AD02 /* LaunchScreen.storyboard in Resources */ = {isa = PBXBuildFile; fileRef = 89401BD01E4665060053AD02 /* LaunchScreen.storyboard */; };
		89401BDD1E4665060053AD02 /* FightOrFlightTests.swift in Sources */ = {isa = PBXBuildFile; fileRef = 89401BDC1E4665060053AD02 /* FightOrFlightTests.swift */; };
		89401BE81E4665060053AD02 /* FightOrFlightUITests.swift in Sources */ = {isa = PBXBuildFile; fileRef = 89401BE71E4665060053AD02 /* FightOrFlightUITests.swift */; };
		89401BF71E4669AE0053AD02 /* MyoKit.framework in Frameworks */ = {isa = PBXBuildFile; fileRef = 89401BF61E4669AE0053AD02 /* MyoKit.framework */; };
		89401BF91E4669BB0053AD02 /* CoreBluetooth.framework in Frameworks */ = {isa = PBXBuildFile; fileRef = 89401BF81E4669BB0053AD02 /* CoreBluetooth.framework */; };
		89401BFB1E4669C90053AD02 /* SystemConfiguration.framework in Frameworks */ = {isa = PBXBuildFile; fileRef = 89401BFA1E4669C90053AD02 /* SystemConfiguration.framework */; };
/* End PBXBuildFile section */

/* Begin PBXContainerItemProxy section */
		89401BD91E4665060053AD02 /* PBXContainerItemProxy */ = {
			isa = PBXContainerItemProxy;
			containerPortal = 89401BB81E4665050053AD02 /* Project object */;
			proxyType = 1;
			remoteGlobalIDString = 89401BBF1E4665050053AD02;
			remoteInfo = FightOrFlight;
		};
		89401BE41E4665060053AD02 /* PBXContainerItemProxy */ = {
			isa = PBXContainerItemProxy;
			containerPortal = 89401BB81E4665050053AD02 /* Project object */;
			proxyType = 1;
			remoteGlobalIDString = 89401BBF1E4665050053AD02;
			remoteInfo = FightOrFlight;
		};
/* End PBXContainerItemProxy section */

/* Begin PBXFileReference section */
		89401BC01E4665060053AD02 /* FightOrFlight.app */ = {isa = PBXFileReference; explicitFileType = wrapper.application; includeInIndex = 0; path = FightOrFlight.app; sourceTree = BUILT_PRODUCTS_DIR; };
		89401BC31E4665060053AD02 /* AppDelegate.swift */ = {isa = PBXFileReference; lastKnownFileType = sourcecode.swift; path = AppDelegate.swift; sourceTree = "<group>"; };
		89401BC51E4665060053AD02 /* RootViewController.swift */ = {isa = PBXFileReference; lastKnownFileType = sourcecode.swift; path = RootViewController.swift; sourceTree = "<group>"; };
		89401BC71E4665060053AD02 /* DataViewController.swift */ = {isa = PBXFileReference; lastKnownFileType = sourcecode.swift; path = DataViewController.swift; sourceTree = "<group>"; };
		89401BC91E4665060053AD02 /* ModelController.swift */ = {isa = PBXFileReference; lastKnownFileType = sourcecode.swift; path = ModelController.swift; sourceTree = "<group>"; };
		89401BCC1E4665060053AD02 /* Base */ = {isa = PBXFileReference; lastKnownFileType = file.storyboard; name = Base; path = Base.lproj/Main.storyboard; sourceTree = "<group>"; };
		89401BCE1E4665060053AD02 /* Assets.xcassets */ = {isa = PBXFileReference; lastKnownFileType = folder.assetcatalog; path = Assets.xcassets; sourceTree = "<group>"; };
		89401BD11E4665060053AD02 /* Base */ = {isa = PBXFileReference; lastKnownFileType = file.storyboard; name = Base; path = Base.lproj/LaunchScreen.storyboard; sourceTree = "<group>"; };
		89401BD31E4665060053AD02 /* Info.plist */ = {isa = PBXFileReference; lastKnownFileType = text.plist.xml; path = Info.plist; sourceTree = "<group>"; };
		89401BD81E4665060053AD02 /* FightOrFlightTests.xctest */ = {isa = PBXFileReference; explicitFileType = wrapper.cfbundle; includeInIndex = 0; path = FightOrFlightTests.xctest; sourceTree = BUILT_PRODUCTS_DIR; };
		89401BDC1E4665060053AD02 /* FightOrFlightTests.swift */ = {isa = PBXFileReference; lastKnownFileType = sourcecode.swift; path = FightOrFlightTests.swift; sourceTree = "<group>"; };
		89401BDE1E4665060053AD02 /* Info.plist */ = {isa = PBXFileReference; lastKnownFileType = text.plist.xml; path = Info.plist; sourceTree = "<group>"; };
		89401BE31E4665060053AD02 /* FightOrFlightUITests.xctest */ = {isa = PBXFileReference; explicitFileType = wrapper.cfbundle; includeInIndex = 0; path = FightOrFlightUITests.xctest; sourceTree = BUILT_PRODUCTS_DIR; };
		89401BE71E4665060053AD02 /* FightOrFlightUITests.swift */ = {isa = PBXFileReference; lastKnownFileType = sourcecode.swift; path = FightOrFlightUITests.swift; sourceTree = "<group>"; };
		89401BE91E4665060053AD02 /* Info.plist */ = {isa = PBXFileReference; lastKnownFileType = text.plist.xml; path = Info.plist; sourceTree = "<group>"; };
		89401BF61E4669AE0053AD02 /* MyoKit.framework */ = {isa = PBXFileReference; lastKnownFileType = wrapper.framework; path = MyoKit.framework; sourceTree = "<group>"; };
		89401BF81E4669BB0053AD02 /* CoreBluetooth.framework */ = {isa = PBXFileReference; lastKnownFileType = wrapper.framework; name = CoreBluetooth.framework; path = System/Library/Frameworks/CoreBluetooth.framework; sourceTree = SDKROOT; };
		89401BFA1E4669C90053AD02 /* SystemConfiguration.framework */ = {isa = PBXFileReference; lastKnownFileType = wrapper.framework; name = SystemConfiguration.framework; path = System/Library/Frameworks/SystemConfiguration.framework; sourceTree = SDKROOT; };
		89401BFC1E466B350053AD02 /* FightOrFlight-Bridging-Header.h */ = {isa = PBXFileReference; lastKnownFileType = sourcecode.c.h; path = "FightOrFlight-Bridging-Header.h"; sourceTree = "<group>"; };
/* End PBXFileReference section */

/* Begin PBXFrameworksBuildPhase section */
		89401BBD1E4665050053AD02 /* Frameworks */ = {
			isa = PBXFrameworksBuildPhase;
			buildActionMask = 2147483647;
			files = (
				89401BFB1E4669C90053AD02 /* SystemConfiguration.framework in Frameworks */,
				89401BF91E4669BB0053AD02 /* CoreBluetooth.framework in Frameworks */,
				89401BF71E4669AE0053AD02 /* MyoKit.framework in Frameworks */,
			);
			runOnlyForDeploymentPostprocessing = 0;
		};
		89401BD51E4665060053AD02 /* Frameworks */ = {
			isa = PBXFrameworksBuildPhase;
			buildActionMask = 2147483647;
			files = (
			);
			runOnlyForDeploymentPostprocessing = 0;
		};
		89401BE01E4665060053AD02 /* Frameworks */ = {
			isa = PBXFrameworksBuildPhase;
			buildActionMask = 2147483647;
			files = (
			);
			runOnlyForDeploymentPostprocessing = 0;
		};
/* End PBXFrameworksBuildPhase section */

/* Begin PBXGroup section */
		89401BB71E4665050053AD02 = {
			isa = PBXGroup;
			children = (
				89401BFC1E466B350053AD02 /* FightOrFlight-Bridging-Header.h */,
				89401BC21E4665060053AD02 /* FightOrFlight */,
				89401BDB1E4665060053AD02 /* FightOrFlightTests */,
				89401BE61E4665060053AD02 /* FightOrFlightUITests */,
				89401BC11E4665060053AD02 /* Products */,
				89401BF51E4669AE0053AD02 /* Frameworks */,
			);
			sourceTree = "<group>";
		};
		89401BC11E4665060053AD02 /* Products */ = {
			isa = PBXGroup;
			children = (
				89401BC01E4665060053AD02 /* FightOrFlight.app */,
				89401BD81E4665060053AD02 /* FightOrFlightTests.xctest */,
				89401BE31E4665060053AD02 /* FightOrFlightUITests.xctest */,
			);
			name = Products;
			sourceTree = "<group>";
		};
		89401BC21E4665060053AD02 /* FightOrFlight */ = {
			isa = PBXGroup;
			children = (
				89401BC31E4665060053AD02 /* AppDelegate.swift */,
				89401BC51E4665060053AD02 /* RootViewController.swift */,
				89401BC71E4665060053AD02 /* DataViewController.swift */,
				89401BC91E4665060053AD02 /* ModelController.swift */,
				89401BCB1E4665060053AD02 /* Main.storyboard */,
				89401BCE1E4665060053AD02 /* Assets.xcassets */,
				89401BD01E4665060053AD02 /* LaunchScreen.storyboard */,
				89401BD31E4665060053AD02 /* Info.plist */,
			);
			path = FightOrFlight;
			sourceTree = "<group>";
		};
		89401BDB1E4665060053AD02 /* FightOrFlightTests */ = {
			isa = PBXGroup;
			children = (
				89401BDC1E4665060053AD02 /* FightOrFlightTests.swift */,
				89401BDE1E4665060053AD02 /* Info.plist */,
			);
			path = FightOrFlightTests;
			sourceTree = "<group>";
		};
		89401BE61E4665060053AD02 /* FightOrFlightUITests */ = {
			isa = PBXGroup;
			children = (
				89401BE71E4665060053AD02 /* FightOrFlightUITests.swift */,
				89401BE91E4665060053AD02 /* Info.plist */,
			);
			path = FightOrFlightUITests;
			sourceTree = "<group>";
		};
		89401BF51E4669AE0053AD02 /* Frameworks */ = {
			isa = PBXGroup;
			children = (
				89401BFA1E4669C90053AD02 /* SystemConfiguration.framework */,
				89401BF81E4669BB0053AD02 /* CoreBluetooth.framework */,
				89401BF61E4669AE0053AD02 /* MyoKit.framework */,
			);
			name = Frameworks;
			sourceTree = "<group>";
		};
/* End PBXGroup section */

/* Begin PBXNativeTarget section */
		89401BBF1E4665050053AD02 /* FightOrFlight */ = {
			isa = PBXNativeTarget;
			buildConfigurationList = 89401BEC1E4665060053AD02 /* Build configuration list for PBXNativeTarget "FightOrFlight" */;
			buildPhases = (
				89401BBC1E4665050053AD02 /* Sources */,
				89401BBD1E4665050053AD02 /* Frameworks */,
				89401BBE1E4665050053AD02 /* Resources */,
			);
			buildRules = (
			);
			dependencies = (
			);
			name = FightOrFlight;
			productName = FightOrFlight;
			productReference = 89401BC01E4665060053AD02 /* FightOrFlight.app */;
			productType = "com.apple.product-type.application";
		};
		89401BD71E4665060053AD02 /* FightOrFlightTests */ = {
			isa = PBXNativeTarget;
			buildConfigurationList = 89401BEF1E4665060053AD02 /* Build configuration list for PBXNativeTarget "FightOrFlightTests" */;
			buildPhases = (
				89401BD41E4665060053AD02 /* Sources */,
				89401BD51E4665060053AD02 /* Frameworks */,
				89401BD61E4665060053AD02 /* Resources */,
			);
			buildRules = (
			);
			dependencies = (
				89401BDA1E4665060053AD02 /* PBXTargetDependency */,
			);
			name = FightOrFlightTests;
			productName = FightOrFlightTests;
			productReference = 89401BD81E4665060053AD02 /* FightOrFlightTests.xctest */;
			productType = "com.apple.product-type.bundle.unit-test";
		};
		89401BE21E4665060053AD02 /* FightOrFlightUITests */ = {
			isa = PBXNativeTarget;
			buildConfigurationList = 89401BF21E4665060053AD02 /* Build configuration list for PBXNativeTarget "FightOrFlightUITests" */;
			buildPhases = (
				89401BDF1E4665060053AD02 /* Sources */,
				89401BE01E4665060053AD02 /* Frameworks */,
				89401BE11E4665060053AD02 /* Resources */,
			);
			buildRules = (
			);
			dependencies = (
				89401BE51E4665060053AD02 /* PBXTargetDependency */,
			);
			name = FightOrFlightUITests;
			productName = FightOrFlightUITests;
			productReference = 89401BE31E4665060053AD02 /* FightOrFlightUITests.xctest */;
			productType = "com.apple.product-type.bundle.ui-testing";
		};
/* End PBXNativeTarget section */

/* Begin PBXProject section */
		89401BB81E4665050053AD02 /* Project object */ = {
			isa = PBXProject;
			attributes = {
				LastSwiftUpdateCheck = 0820;
				LastUpgradeCheck = 0820;
				ORGANIZATIONNAME = "Kobe-21";
				TargetAttributes = {
					89401BBF1E4665050053AD02 = {
						CreatedOnToolsVersion = 8.2.1;
						ProvisioningStyle = Automatic;
					};
					89401BD71E4665060053AD02 = {
						CreatedOnToolsVersion = 8.2.1;
						ProvisioningStyle = Automatic;
						TestTargetID = 89401BBF1E4665050053AD02;
					};
					89401BE21E4665060053AD02 = {
						CreatedOnToolsVersion = 8.2.1;
						ProvisioningStyle = Automatic;
						TestTargetID = 89401BBF1E4665050053AD02;
					};
				};
			};
			buildConfigurationList = 89401BBB1E4665050053AD02 /* Build configuration list for PBXProject "FightOrFlight" */;
			compatibilityVersion = "Xcode 3.2";
			developmentRegion = English;
			hasScannedForEncodings = 0;
			knownRegions = (
				en,
				Base,
			);
			mainGroup = 89401BB71E4665050053AD02;
			productRefGroup = 89401BC11E4665060053AD02 /* Products */;
			projectDirPath = "";
			projectRoot = "";
			targets = (
				89401BBF1E4665050053AD02 /* FightOrFlight */,
				89401BD71E4665060053AD02 /* FightOrFlightTests */,
				89401BE21E4665060053AD02 /* FightOrFlightUITests */,
			);
		};
/* End PBXProject section */

/* Begin PBXResourcesBuildPhase section */
		89401BBE1E4665050053AD02 /* Resources */ = {
			isa = PBXResourcesBuildPhase;
			buildActionMask = 2147483647;
			files = (
				89401BD21E4665060053AD02 /* LaunchScreen.storyboard in Resources */,
				89401BCF1E4665060053AD02 /* Assets.xcassets in Resources */,
				89401BCD1E4665060053AD02 /* Main.storyboard in Resources */,
			);
			runOnlyForDeploymentPostprocessing = 0;
		};
		89401BD61E4665060053AD02 /* Resources */ = {
			isa = PBXResourcesBuildPhase;
			buildActionMask = 2147483647;
			files = (
			);
			runOnlyForDeploymentPostprocessing = 0;
		};
		89401BE11E4665060053AD02 /* Resources */ = {
			isa = PBXResourcesBuildPhase;
			buildActionMask = 2147483647;
			files = (
			);
			runOnlyForDeploymentPostprocessing = 0;
		};
/* End PBXResourcesBuildPhase section */

/* Begin PBXSourcesBuildPhase section */
		89401BBC1E4665050053AD02 /* Sources */ = {
			isa = PBXSourcesBuildPhase;
			buildActionMask = 2147483647;
			files = (
				89401BC61E4665060053AD02 /* RootViewController.swift in Sources */,
				89401BCA1E4665060053AD02 /* ModelController.swift in Sources */,
				89401BC81E4665060053AD02 /* DataViewController.swift in Sources */,
				89401BC41E4665060053AD02 /* AppDelegate.swift in Sources */,
			);
			runOnlyForDeploymentPostprocessing = 0;
		};
		89401BD41E4665060053AD02 /* Sources */ = {
			isa = PBXSourcesBuildPhase;
			buildActionMask = 2147483647;
			files = (
				89401BDD1E4665060053AD02 /* FightOrFlightTests.swift in Sources */,
			);
			runOnlyForDeploymentPostprocessing = 0;
		};
		89401BDF1E4665060053AD02 /* Sources */ = {
			isa = PBXSourcesBuildPhase;
			buildActionMask = 2147483647;
			files = (
				89401BE81E4665060053AD02 /* FightOrFlightUITests.swift in Sources */,
			);
			runOnlyForDeploymentPostprocessing = 0;
		};
/* End PBXSourcesBuildPhase section */

/* Begin PBXTargetDependency section */
		89401BDA1E4665060053AD02 /* PBXTargetDependency */ = {
			isa = PBXTargetDependency;
			target = 89401BBF1E4665050053AD02 /* FightOrFlight */;
			targetProxy = 89401BD91E4665060053AD02 /* PBXContainerItemProxy */;
		};
		89401BE51E4665060053AD02 /* PBXTargetDependency */ = {
			isa = PBXTargetDependency;
			target = 89401BBF1E4665050053AD02 /* FightOrFlight */;
			targetProxy = 89401BE41E4665060053AD02 /* PBXContainerItemProxy */;
		};
/* End PBXTargetDependency section */

/* Begin PBXVariantGroup section */
		89401BCB1E4665060053AD02 /* Main.storyboard */ = {
			isa = PBXVariantGroup;
			children = (
				89401BCC1E4665060053AD02 /* Base */,
			);
			name = Main.storyboard;
			sourceTree = "<group>";
		};
		89401BD01E4665060053AD02 /* LaunchScreen.storyboard */ = {
			isa = PBXVariantGroup;
			children = (
				89401BD11E4665060053AD02 /* Base */,
			);
			name = LaunchScreen.storyboard;
			sourceTree = "<group>";
		};
/* End PBXVariantGroup section */

/* Begin XCBuildConfiguration section */
		89401BEA1E4665060053AD02 /* Debug */ = {
			isa = XCBuildConfiguration;
			buildSettings = {
				ALWAYS_SEARCH_USER_PATHS = NO;
				CLANG_ANALYZER_NONNULL = YES;
				CLANG_CXX_LANGUAGE_STANDARD = "gnu++0x";
				CLANG_CXX_LIBRARY = "libc++";
				CLANG_ENABLE_MODULES = YES;
				CLANG_ENABLE_OBJC_ARC = YES;
				CLANG_WARN_BOOL_CONVERSION = YES;
				CLANG_WARN_CONSTANT_CONVERSION = YES;
				CLANG_WARN_DIRECT_OBJC_ISA_USAGE = YES_ERROR;
				CLANG_WARN_DOCUMENTATION_COMMENTS = YES;
				CLANG_WARN_EMPTY_BODY = YES;
				CLANG_WARN_ENUM_CONVERSION = YES;
				CLANG_WARN_INFINITE_RECURSION = YES;
				CLANG_WARN_INT_CONVERSION = YES;
				CLANG_WARN_OBJC_ROOT_CLASS = YES_ERROR;
				CLANG_WARN_SUSPICIOUS_MOVE = YES;
				CLANG_WARN_UNREACHABLE_CODE = YES;
				CLANG_WARN__DUPLICATE_METHOD_MATCH = YES;
				"CODE_SIGN_IDENTITY[sdk=iphoneos*]" = "iPhone Developer";
				COPY_PHASE_STRIP = NO;
				DEBUG_INFORMATION_FORMAT = dwarf;
				ENABLE_STRICT_OBJC_MSGSEND = YES;
				ENABLE_TESTABILITY = YES;
				GCC_C_LANGUAGE_STANDARD = gnu99;
				GCC_DYNAMIC_NO_PIC = NO;
				GCC_NO_COMMON_BLOCKS = YES;
				GCC_OPTIMIZATION_LEVEL = 0;
				GCC_PREPROCESSOR_DEFINITIONS = (
					"DEBUG=1",
					"$(inherited)",
				);
				GCC_WARN_64_TO_32_BIT_CONVERSION = YES;
				GCC_WARN_ABOUT_RETURN_TYPE = YES_ERROR;
				GCC_WARN_UNDECLARED_SELECTOR = YES;
				GCC_WARN_UNINITIALIZED_AUTOS = YES_AGGRESSIVE;
				GCC_WARN_UNUSED_FUNCTION = YES;
				GCC_WARN_UNUSED_VARIABLE = YES;
				IPHONEOS_DEPLOYMENT_TARGET = 10.2;
				MTL_ENABLE_DEBUG_INFO = YES;
				ONLY_ACTIVE_ARCH = YES;
				SDKROOT = iphoneos;
				SWIFT_ACTIVE_COMPILATION_CONDITIONS = DEBUG;
				SWIFT_OPTIMIZATION_LEVEL = "-Onone";
			};
			name = Debug;
		};
		89401BEB1E4665060053AD02 /* Release */ = {
			isa = XCBuildConfiguration;
			buildSettings = {
				ALWAYS_SEARCH_USER_PATHS = NO;
				CLANG_ANALYZER_NONNULL = YES;
				CLANG_CXX_LANGUAGE_STANDARD = "gnu++0x";
				CLANG_CXX_LIBRARY = "libc++";
				CLANG_ENABLE_MODULES = YES;
				CLANG_ENABLE_OBJC_ARC = YES;
				CLANG_WARN_BOOL_CONVERSION = YES;
				CLANG_WARN_CONSTANT_CONVERSION = YES;
				CLANG_WARN_DIRECT_OBJC_ISA_USAGE = YES_ERROR;
				CLANG_WARN_DOCUMENTATION_COMMENTS = YES;
				CLANG_WARN_EMPTY_BODY = YES;
				CLANG_WARN_ENUM_CONVERSION = YES;
				CLANG_WARN_INFINITE_RECURSION = YES;
				CLANG_WARN_INT_CONVERSION = YES;
				CLANG_WARN_OBJC_ROOT_CLASS = YES_ERROR;
				CLANG_WARN_SUSPICIOUS_MOVE = YES;
				CLANG_WARN_UNREACHABLE_CODE = YES;
				CLANG_WARN__DUPLICATE_METHOD_MATCH = YES;
				"CODE_SIGN_IDENTITY[sdk=iphoneos*]" = "iPhone Developer";
				COPY_PHASE_STRIP = NO;
				DEBUG_INFORMATION_FORMAT = "dwarf-with-dsym";
				ENABLE_NS_ASSERTIONS = NO;
				ENABLE_STRICT_OBJC_MSGSEND = YES;
				GCC_C_LANGUAGE_STANDARD = gnu99;
				GCC_NO_COMMON_BLOCKS = YES;
				GCC_WARN_64_TO_32_BIT_CONVERSION = YES;
				GCC_WARN_ABOUT_RETURN_TYPE = YES_ERROR;
				GCC_WARN_UNDECLARED_SELECTOR = YES;
				GCC_WARN_UNINITIALIZED_AUTOS = YES_AGGRESSIVE;
				GCC_WARN_UNUSED_FUNCTION = YES;
				GCC_WARN_UNUSED_VARIABLE = YES;
				IPHONEOS_DEPLOYMENT_TARGET = 10.2;
				MTL_ENABLE_DEBUG_INFO = NO;
				SDKROOT = iphoneos;
				SWIFT_OPTIMIZATION_LEVEL = "-Owholemodule";
				VALIDATE_PRODUCT = YES;
			};
			name = Release;
		};
		89401BED1E4665060053AD02 /* Debug */ = {
			isa = XCBuildConfiguration;
			buildSettings = {
				ASSETCATALOG_COMPILER_APPICON_NAME = AppIcon;
				DEVELOPMENT_TEAM = "";
				FRAMEWORK_SEARCH_PATHS = (
					"$(inherited)",
					"$(PROJECT_DIR)",
				);
				INFOPLIST_FILE = FightOrFlight/Info.plist;
				LD_RUNPATH_SEARCH_PATHS = "$(inherited) @executable_path/Frameworks";
				PRODUCT_BUNDLE_IDENTIFIER = "com.Kobe-21.FightOrFlight";
				PRODUCT_NAME = "$(TARGET_NAME)";
				SWIFT_VERSION = 3.0;
			};
			name = Debug;
		};
		89401BEE1E4665060053AD02 /* Release */ = {
			isa = XCBuildConfiguration;
			buildSettings = {
				ASSETCATALOG_COMPILER_APPICON_NAME = AppIcon;
				DEVELOPMENT_TEAM = "";
				FRAMEWORK_SEARCH_PATHS = (
					"$(inherited)",
					"$(PROJECT_DIR)",
				);
				INFOPLIST_FILE = FightOrFlight/Info.plist;
				LD_RUNPATH_SEARCH_PATHS = "$(inherited) @executable_path/Frameworks";
				PRODUCT_BUNDLE_IDENTIFIER = "com.Kobe-21.FightOrFlight";
				PRODUCT_NAME = "$(TARGET_NAME)";
				SWIFT_VERSION = 3.0;
			};
			name = Release;
		};
		89401BF01E4665060053AD02 /* Debug */ = {
			isa = XCBuildConfiguration;
			buildSettings = {
				ALWAYS_EMBED_SWIFT_STANDARD_LIBRARIES = YES;
				BUNDLE_LOADER = "$(TEST_HOST)";
				INFOPLIST_FILE = FightOrFlightTests/Info.plist;
				LD_RUNPATH_SEARCH_PATHS = "$(inherited) @executable_path/Frameworks @loader_path/Frameworks";
				PRODUCT_BUNDLE_IDENTIFIER = "com.Kobe-21.FightOrFlightTests";
				PRODUCT_NAME = "$(TARGET_NAME)";
				SWIFT_VERSION = 3.0;
				TEST_HOST = "$(BUILT_PRODUCTS_DIR)/FightOrFlight.app/FightOrFlight";
			};
			name = Debug;
		};
		89401BF11E4665060053AD02 /* Release */ = {
			isa = XCBuildConfiguration;
			buildSettings = {
				ALWAYS_EMBED_SWIFT_STANDARD_LIBRARIES = YES;
				BUNDLE_LOADER = "$(TEST_HOST)";
				INFOPLIST_FILE = FightOrFlightTests/Info.plist;
				LD_RUNPATH_SEARCH_PATHS = "$(inherited) @executable_path/Frameworks @loader_path/Frameworks";
				PRODUCT_BUNDLE_IDENTIFIER = "com.Kobe-21.FightOrFlightTests";
				PRODUCT_NAME = "$(TARGET_NAME)";
				SWIFT_VERSION = 3.0;
				TEST_HOST = "$(BUILT_PRODUCTS_DIR)/FightOrFlight.app/FightOrFlight";
			};
			name = Release;
		};
		89401BF31E4665060053AD02 /* Debug */ = {
			isa = XCBuildConfiguration;
			buildSettings = {
				ALWAYS_EMBED_SWIFT_STANDARD_LIBRARIES = YES;
				INFOPLIST_FILE = FightOrFlightUITests/Info.plist;
				LD_RUNPATH_SEARCH_PATHS = "$(inherited) @executable_path/Frameworks @loader_path/Frameworks";
				PRODUCT_BUNDLE_IDENTIFIER = "com.Kobe-21.FightOrFlightUITests";
				PRODUCT_NAME = "$(TARGET_NAME)";
				SWIFT_VERSION = 3.0;
				TEST_TARGET_NAME = FightOrFlight;
			};
			name = Debug;
		};
		89401BF41E4665060053AD02 /* Release */ = {
			isa = XCBuildConfiguration;
			buildSettings = {
				ALWAYS_EMBED_SWIFT_STANDARD_LIBRARIES = YES;
				INFOPLIST_FILE = FightOrFlightUITests/Info.plist;
				LD_RUNPATH_SEARCH_PATHS = "$(inherited) @executable_path/Frameworks @loader_path/Frameworks";
				PRODUCT_BUNDLE_IDENTIFIER = "com.Kobe-21.FightOrFlightUITests";
				PRODUCT_NAME = "$(TARGET_NAME)";
				SWIFT_VERSION = 3.0;
				TEST_TARGET_NAME = FightOrFlight;
			};
			name = Release;
		};
/* End XCBuildConfiguration section */

/* Begin XCConfigurationList section */
		89401BBB1E4665050053AD02 /* Build configuration list for PBXProject "FightOrFlight" */ = {
			isa = XCConfigurationList;
			buildConfigurations = (
				89401BEA1E4665060053AD02 /* Debug */,
				89401BEB1E4665060053AD02 /* Release */,
			);
			defaultConfigurationIsVisible = 0;
			defaultConfigurationName = Release;
		};
		89401BEC1E4665060053AD02 /* Build configuration list for PBXNativeTarget "FightOrFlight" */ = {
			isa = XCConfigurationList;
			buildConfigurations = (
				89401BED1E4665060053AD02 /* Debug */,
				89401BEE1E4665060053AD02 /* Release */,
			);
			defaultConfigurationIsVisible = 0;
		};
		89401BEF1E4665060053AD02 /* Build configuration list for PBXNativeTarget "FightOrFlightTests" */ = {
			isa = XCConfigurationList;
			buildConfigurations = (
				89401BF01E4665060053AD02 /* Debug */,
				89401BF11E4665060053AD02 /* Release */,
			);
			defaultConfigurationIsVisible = 0;
		};
		89401BF21E4665060053AD02 /* Build configuration list for PBXNativeTarget "FightOrFlightUITests" */ = {
			isa = XCConfigurationList;
			buildConfigurations = (
				89401BF31E4665060053AD02 /* Debug */,
				89401BF41E4665060053AD02 /* Release */,
			);
			defaultConfigurationIsVisible = 0;
		};
/* End XCConfigurationList section */
	};
	rootObject = 89401BB81E4665050053AD02 /* Project object */;
}
